
Microsoft Visual Studio Solution File, Format Version 12.00
# Visual Studio Version 16
VisualStudioVersion = 16.0.29001.49
MinimumVisualStudioVersion = 10.0.40219.1
Project("{FAE04EC0-301F-11D3-BF4B-00C04F79EFBC}") = "GenericCountMethodString", "GenericCountMethodString\GenericCountMethodString.csproj", "{18742AB4-5F0D-4A14-8C5A-E2E96FDC139B}"
EndProject
Global
	GlobalSection(SolutionConfigurationPlatforms) = preSolution
		Debug|Any CPU = Debug|Any CPU
		Release|Any CPU = Release|Any CPU
	EndGlobalSection
	GlobalSection(ProjectConfigurationPlatforms) = postSolution
		{18742AB4-5F0D-4A14-8C5A-E2E96FDC139B}.Debug|Any CPU.ActiveCfg = Debug|Any CPU
		{18742AB4-5F0D-4A14-8C5A-E2E96FDC139B}.Debug|Any CPU.Build.0 = Debug|Any CPU
		{18742AB4-5F0D-4A14-8C5A-E2E96FDC139B}.Release|Any CPU.ActiveCfg = Release|Any CPU
		{18742AB4-5F0D-4A14-8C5A-E2E96FDC139B}.Release|Any CPU.Build.0 = Release|Any CPU
	EndGlobalSection
	GlobalSection(SolutionProperties) = preSolution
		HideSolutionNode = FALSE
	EndGlobalSection
	GlobalSection(ExtensibilityGlobals) = postSolution
		SolutionGuid = {8E848197-55F7-4E69-BA73-45641090B46A}
	EndGlobalSection
EndGlobal
