
Microsoft Visual Studio Solution File, Format Version 12.00
# Visual Studio 15
VisualStudioVersion = 15.0.28307.572
MinimumVisualStudioVersion = 10.0.40219.1
Project("{FAE04EC0-301F-11D3-BF4B-00C04F79EFBC}") = "RadioactiveMutantVampireBunnies", "RadioactiveMutantVampireBunnies\RadioactiveMutantVampireBunnies.csproj", "{CE9C4351-D076-4B3F-BAF5-724123758AAD}"
EndProject
Global
	GlobalSection(SolutionConfigurationPlatforms) = preSolution
		Debug|Any CPU = Debug|Any CPU
		Release|Any CPU = Release|Any CPU
	EndGlobalSection
	GlobalSection(ProjectConfigurationPlatforms) = postSolution
		{CE9C4351-D076-4B3F-BAF5-724123758AAD}.Debug|Any CPU.ActiveCfg = Debug|Any CPU
		{CE9C4351-D076-4B3F-BAF5-724123758AAD}.Debug|Any CPU.Build.0 = Debug|Any CPU
		{CE9C4351-D076-4B3F-BAF5-724123758AAD}.Release|Any CPU.ActiveCfg = Release|Any CPU
		{CE9C4351-D076-4B3F-BAF5-724123758AAD}.Release|Any CPU.Build.0 = Release|Any CPU
	EndGlobalSection
	GlobalSection(SolutionProperties) = preSolution
		HideSolutionNode = FALSE
	EndGlobalSection
	GlobalSection(ExtensibilityGlobals) = postSolution
		SolutionGuid = {7F167EFA-9102-4E6B-B217-F7A7669AAA0F}
	EndGlobalSection
EndGlobal
