
Microsoft Visual Studio Solution File, Format Version 12.00
# Visual Studio Version 16
VisualStudioVersion = 16.0.28803.352
MinimumVisualStudioVersion = 10.0.40219.1
Project("{FAE04EC0-301F-11D3-BF4B-00C04F79EFBC}") = "Hospital", "Hospital\Hospital.csproj", "{C6BAD3AA-AFBA-4AAE-89C7-ED004ACBAFFB}"
EndProject
Global
	GlobalSection(SolutionConfigurationPlatforms) = preSolution
		Debug|Any CPU = Debug|Any CPU
		Release|Any CPU = Release|Any CPU
	EndGlobalSection
	GlobalSection(ProjectConfigurationPlatforms) = postSolution
		{C6BAD3AA-AFBA-4AAE-89C7-ED004ACBAFFB}.Debug|Any CPU.ActiveCfg = Debug|Any CPU
		{C6BAD3AA-AFBA-4AAE-89C7-ED004ACBAFFB}.Debug|Any CPU.Build.0 = Debug|Any CPU
		{C6BAD3AA-AFBA-4AAE-89C7-ED004ACBAFFB}.Release|Any CPU.ActiveCfg = Release|Any CPU
		{C6BAD3AA-AFBA-4AAE-89C7-ED004ACBAFFB}.Release|Any CPU.Build.0 = Release|Any CPU
	EndGlobalSection
	GlobalSection(SolutionProperties) = preSolution
		HideSolutionNode = FALSE
	EndGlobalSection
	GlobalSection(ExtensibilityGlobals) = postSolution
		SolutionGuid = {8BC9D441-C986-49E0-8A3E-2A99F1091369}
	EndGlobalSection
EndGlobal
