
Microsoft Visual Studio Solution File, Format Version 12.00
# Visual Studio Version 16
VisualStudioVersion = 16.0.28803.352
MinimumVisualStudioVersion = 10.0.40219.1
Project("{FAE04EC0-301F-11D3-BF4B-00C04F79EFBC}") = "Google", "Google\Google.csproj", "{B4C8BE1A-C73C-4B14-AA05-6B3C37B85C1D}"
EndProject
Global
	GlobalSection(SolutionConfigurationPlatforms) = preSolution
		Debug|Any CPU = Debug|Any CPU
		Release|Any CPU = Release|Any CPU
	EndGlobalSection
	GlobalSection(ProjectConfigurationPlatforms) = postSolution
		{B4C8BE1A-C73C-4B14-AA05-6B3C37B85C1D}.Debug|Any CPU.ActiveCfg = Debug|Any CPU
		{B4C8BE1A-C73C-4B14-AA05-6B3C37B85C1D}.Debug|Any CPU.Build.0 = Debug|Any CPU
		{B4C8BE1A-C73C-4B14-AA05-6B3C37B85C1D}.Release|Any CPU.ActiveCfg = Release|Any CPU
		{B4C8BE1A-C73C-4B14-AA05-6B3C37B85C1D}.Release|Any CPU.Build.0 = Release|Any CPU
	EndGlobalSection
	GlobalSection(SolutionProperties) = preSolution
		HideSolutionNode = FALSE
	EndGlobalSection
	GlobalSection(ExtensibilityGlobals) = postSolution
		SolutionGuid = {0C0F0629-D14D-42DC-8728-3CEAD2BBF60E}
	EndGlobalSection
EndGlobal
