
Microsoft Visual Studio Solution File, Format Version 12.00
# Visual Studio Version 16
VisualStudioVersion = 16.0.28803.352
MinimumVisualStudioVersion = 10.0.40219.1
Project("{FAE04EC0-301F-11D3-BF4B-00C04F79EFBC}") = "SpeedRacing", "SpeedRacing\SpeedRacing.csproj", "{76766CE4-98E5-4C56-A20A-382F3C5A7C19}"
EndProject
Global
	GlobalSection(SolutionConfigurationPlatforms) = preSolution
		Debug|Any CPU = Debug|Any CPU
		Release|Any CPU = Release|Any CPU
	EndGlobalSection
	GlobalSection(ProjectConfigurationPlatforms) = postSolution
		{76766CE4-98E5-4C56-A20A-382F3C5A7C19}.Debug|Any CPU.ActiveCfg = Debug|Any CPU
		{76766CE4-98E5-4C56-A20A-382F3C5A7C19}.Debug|Any CPU.Build.0 = Debug|Any CPU
		{76766CE4-98E5-4C56-A20A-382F3C5A7C19}.Release|Any CPU.ActiveCfg = Release|Any CPU
		{76766CE4-98E5-4C56-A20A-382F3C5A7C19}.Release|Any CPU.Build.0 = Release|Any CPU
	EndGlobalSection
	GlobalSection(SolutionProperties) = preSolution
		HideSolutionNode = FALSE
	EndGlobalSection
	GlobalSection(ExtensibilityGlobals) = postSolution
		SolutionGuid = {163979DE-6753-4386-8F5C-8F1F18BF442D}
	EndGlobalSection
EndGlobal
