
Microsoft Visual Studio Solution File, Format Version 12.00
# Visual Studio Version 16
VisualStudioVersion = 16.0.29009.5
MinimumVisualStudioVersion = 10.0.40219.1
Project("{FAE04EC0-301F-11D3-BF4B-00C04F79EFBC}") = "IteratorsAndComparators", "IteratorsAndComparators\IteratorsAndComparators.csproj", "{A220B705-1531-435A-8687-23E326A644E3}"
EndProject
Global
	GlobalSection(SolutionConfigurationPlatforms) = preSolution
		Debug|Any CPU = Debug|Any CPU
		Release|Any CPU = Release|Any CPU
	EndGlobalSection
	GlobalSection(ProjectConfigurationPlatforms) = postSolution
		{A220B705-1531-435A-8687-23E326A644E3}.Debug|Any CPU.ActiveCfg = Debug|Any CPU
		{A220B705-1531-435A-8687-23E326A644E3}.Debug|Any CPU.Build.0 = Debug|Any CPU
		{A220B705-1531-435A-8687-23E326A644E3}.Release|Any CPU.ActiveCfg = Release|Any CPU
		{A220B705-1531-435A-8687-23E326A644E3}.Release|Any CPU.Build.0 = Release|Any CPU
	EndGlobalSection
	GlobalSection(SolutionProperties) = preSolution
		HideSolutionNode = FALSE
	EndGlobalSection
	GlobalSection(ExtensibilityGlobals) = postSolution
		SolutionGuid = {08A8A4D5-F34E-40EF-A48D-ACB0EDFFD8A8}
	EndGlobalSection
EndGlobal
