
Microsoft Visual Studio Solution File, Format Version 12.00
# Visual Studio Version 16
VisualStudioVersion = 16.0.28922.388
MinimumVisualStudioVersion = 10.0.40219.1
Project("{FAE04EC0-301F-11D3-BF4B-00C04F79EFBC}") = "Radioactive Bunnies Short Solution", "Radioactive Bunnies Short Solution\Radioactive Bunnies Short Solution.csproj", "{8BA76194-F91D-4783-AE74-441521C2BAA2}"
EndProject
Global
	GlobalSection(SolutionConfigurationPlatforms) = preSolution
		Debug|Any CPU = Debug|Any CPU
		Release|Any CPU = Release|Any CPU
	EndGlobalSection
	GlobalSection(ProjectConfigurationPlatforms) = postSolution
		{8BA76194-F91D-4783-AE74-441521C2BAA2}.Debug|Any CPU.ActiveCfg = Debug|Any CPU
		{8BA76194-F91D-4783-AE74-441521C2BAA2}.Debug|Any CPU.Build.0 = Debug|Any CPU
		{8BA76194-F91D-4783-AE74-441521C2BAA2}.Release|Any CPU.ActiveCfg = Release|Any CPU
		{8BA76194-F91D-4783-AE74-441521C2BAA2}.Release|Any CPU.Build.0 = Release|Any CPU
	EndGlobalSection
	GlobalSection(SolutionProperties) = preSolution
		HideSolutionNode = FALSE
	EndGlobalSection
	GlobalSection(ExtensibilityGlobals) = postSolution
		SolutionGuid = {4F671717-094D-49AE-B46F-94645B40178B}
	EndGlobalSection
EndGlobal
