
Microsoft Visual Studio Solution File, Format Version 12.00
# Visual Studio Version 16
VisualStudioVersion = 16.0.28803.352
MinimumVisualStudioVersion = 10.0.40219.1
Project("{FAE04EC0-301F-11D3-BF4B-00C04F79EFBC}") = "RectangleIntersection", "RectangleIntersection\RectangleIntersection.csproj", "{1E1E0007-4AEF-488E-AD6D-22CDA7F39A26}"
EndProject
Global
	GlobalSection(SolutionConfigurationPlatforms) = preSolution
		Debug|Any CPU = Debug|Any CPU
		Release|Any CPU = Release|Any CPU
	EndGlobalSection
	GlobalSection(ProjectConfigurationPlatforms) = postSolution
		{1E1E0007-4AEF-488E-AD6D-22CDA7F39A26}.Debug|Any CPU.ActiveCfg = Debug|Any CPU
		{1E1E0007-4AEF-488E-AD6D-22CDA7F39A26}.Debug|Any CPU.Build.0 = Debug|Any CPU
		{1E1E0007-4AEF-488E-AD6D-22CDA7F39A26}.Release|Any CPU.ActiveCfg = Release|Any CPU
		{1E1E0007-4AEF-488E-AD6D-22CDA7F39A26}.Release|Any CPU.Build.0 = Release|Any CPU
	EndGlobalSection
	GlobalSection(SolutionProperties) = preSolution
		HideSolutionNode = FALSE
	EndGlobalSection
	GlobalSection(ExtensibilityGlobals) = postSolution
		SolutionGuid = {5D436548-8A3B-4AA9-8F32-A7193E0B4332}
	EndGlobalSection
EndGlobal
