
Microsoft Visual Studio Solution File, Format Version 12.00
# Visual Studio Version 16
VisualStudioVersion = 16.0.28922.388
MinimumVisualStudioVersion = 10.0.40219.1
Project("{FAE04EC0-301F-11D3-BF4B-00C04F79EFBC}") = "PredicateParty", "PredicateParty\PredicateParty.csproj", "{65D9BAFA-8338-4426-8D12-2B9592C690E2}"
EndProject
Global
	GlobalSection(SolutionConfigurationPlatforms) = preSolution
		Debug|Any CPU = Debug|Any CPU
		Release|Any CPU = Release|Any CPU
	EndGlobalSection
	GlobalSection(ProjectConfigurationPlatforms) = postSolution
		{65D9BAFA-8338-4426-8D12-2B9592C690E2}.Debug|Any CPU.ActiveCfg = Debug|Any CPU
		{65D9BAFA-8338-4426-8D12-2B9592C690E2}.Debug|Any CPU.Build.0 = Debug|Any CPU
		{65D9BAFA-8338-4426-8D12-2B9592C690E2}.Release|Any CPU.ActiveCfg = Release|Any CPU
		{65D9BAFA-8338-4426-8D12-2B9592C690E2}.Release|Any CPU.Build.0 = Release|Any CPU
	EndGlobalSection
	GlobalSection(SolutionProperties) = preSolution
		HideSolutionNode = FALSE
	EndGlobalSection
	GlobalSection(ExtensibilityGlobals) = postSolution
		SolutionGuid = {832D9EB9-1822-475D-A346-8003EE652E0B}
	EndGlobalSection
EndGlobal
