
Microsoft Visual Studio Solution File, Format Version 12.00
# Visual Studio Version 16
VisualStudioVersion = 16.0.28803.352
MinimumVisualStudioVersion = 10.0.40219.1
Project("{FAE04EC0-301F-11D3-BF4B-00C04F79EFBC}") = "Creating Constructors", "Creating Constructors\Creating Constructors.csproj", "{0C8830C8-4212-4164-B2E4-DBC15DBBEC41}"
EndProject
Global
	GlobalSection(SolutionConfigurationPlatforms) = preSolution
		Debug|Any CPU = Debug|Any CPU
		Release|Any CPU = Release|Any CPU
	EndGlobalSection
	GlobalSection(ProjectConfigurationPlatforms) = postSolution
		{0C8830C8-4212-4164-B2E4-DBC15DBBEC41}.Debug|Any CPU.ActiveCfg = Debug|Any CPU
		{0C8830C8-4212-4164-B2E4-DBC15DBBEC41}.Debug|Any CPU.Build.0 = Debug|Any CPU
		{0C8830C8-4212-4164-B2E4-DBC15DBBEC41}.Release|Any CPU.ActiveCfg = Release|Any CPU
		{0C8830C8-4212-4164-B2E4-DBC15DBBEC41}.Release|Any CPU.Build.0 = Release|Any CPU
	EndGlobalSection
	GlobalSection(SolutionProperties) = preSolution
		HideSolutionNode = FALSE
	EndGlobalSection
	GlobalSection(ExtensibilityGlobals) = postSolution
		SolutionGuid = {F29483E0-8F52-45DA-BEDC-89BFA4E635CE}
	EndGlobalSection
EndGlobal
