
Microsoft Visual Studio Solution File, Format Version 12.00
# Visual Studio 15
VisualStudioVersion = 15.0.28307.572
MinimumVisualStudioVersion = 10.0.40219.1
Project("{FAE04EC0-301F-11D3-BF4B-00C04F79EFBC}") = "The V Logger", "The V Logger\The V Logger.csproj", "{77BA0374-CCAE-45BE-97D5-5F3A4C03E240}"
EndProject
Global
	GlobalSection(SolutionConfigurationPlatforms) = preSolution
		Debug|Any CPU = Debug|Any CPU
		Release|Any CPU = Release|Any CPU
	EndGlobalSection
	GlobalSection(ProjectConfigurationPlatforms) = postSolution
		{77BA0374-CCAE-45BE-97D5-5F3A4C03E240}.Debug|Any CPU.ActiveCfg = Debug|Any CPU
		{77BA0374-CCAE-45BE-97D5-5F3A4C03E240}.Debug|Any CPU.Build.0 = Debug|Any CPU
		{77BA0374-CCAE-45BE-97D5-5F3A4C03E240}.Release|Any CPU.ActiveCfg = Release|Any CPU
		{77BA0374-CCAE-45BE-97D5-5F3A4C03E240}.Release|Any CPU.Build.0 = Release|Any CPU
	EndGlobalSection
	GlobalSection(SolutionProperties) = preSolution
		HideSolutionNode = FALSE
	EndGlobalSection
	GlobalSection(ExtensibilityGlobals) = postSolution
		SolutionGuid = {72397002-DF83-4885-B748-CF3A4300FF2E}
	EndGlobalSection
EndGlobal
