
Microsoft Visual Studio Solution File, Format Version 12.00
# Visual Studio Version 16
VisualStudioVersion = 16.0.29001.49
MinimumVisualStudioVersion = 10.0.40219.1
Project("{FAE04EC0-301F-11D3-BF4B-00C04F79EFBC}") = "GenericScale", "GenericScale\GenericScale.csproj", "{3A5DA342-1F93-4AB6-BDD5-B52D0726B344}"
EndProject
Global
	GlobalSection(SolutionConfigurationPlatforms) = preSolution
		Debug|Any CPU = Debug|Any CPU
		Release|Any CPU = Release|Any CPU
	EndGlobalSection
	GlobalSection(ProjectConfigurationPlatforms) = postSolution
		{3A5DA342-1F93-4AB6-BDD5-B52D0726B344}.Debug|Any CPU.ActiveCfg = Debug|Any CPU
		{3A5DA342-1F93-4AB6-BDD5-B52D0726B344}.Debug|Any CPU.Build.0 = Debug|Any CPU
		{3A5DA342-1F93-4AB6-BDD5-B52D0726B344}.Release|Any CPU.ActiveCfg = Release|Any CPU
		{3A5DA342-1F93-4AB6-BDD5-B52D0726B344}.Release|Any CPU.Build.0 = Release|Any CPU
	EndGlobalSection
	GlobalSection(SolutionProperties) = preSolution
		HideSolutionNode = FALSE
	EndGlobalSection
	GlobalSection(ExtensibilityGlobals) = postSolution
		SolutionGuid = {E93AAEAF-529C-4FEF-85E4-B6A120741737}
	EndGlobalSection
EndGlobal
