
Microsoft Visual Studio Solution File, Format Version 12.00
# Visual Studio Version 16
VisualStudioVersion = 16.0.29001.49
MinimumVisualStudioVersion = 10.0.40219.1
Project("{FAE04EC0-301F-11D3-BF4B-00C04F79EFBC}") = "GenericSwapMethodString", "GenericSwapMethodString\GenericSwapMethodString.csproj", "{1EF51D65-F38E-446B-9022-973B61644DAA}"
EndProject
Global
	GlobalSection(SolutionConfigurationPlatforms) = preSolution
		Debug|Any CPU = Debug|Any CPU
		Release|Any CPU = Release|Any CPU
	EndGlobalSection
	GlobalSection(ProjectConfigurationPlatforms) = postSolution
		{1EF51D65-F38E-446B-9022-973B61644DAA}.Debug|Any CPU.ActiveCfg = Debug|Any CPU
		{1EF51D65-F38E-446B-9022-973B61644DAA}.Debug|Any CPU.Build.0 = Debug|Any CPU
		{1EF51D65-F38E-446B-9022-973B61644DAA}.Release|Any CPU.ActiveCfg = Release|Any CPU
		{1EF51D65-F38E-446B-9022-973B61644DAA}.Release|Any CPU.Build.0 = Release|Any CPU
	EndGlobalSection
	GlobalSection(SolutionProperties) = preSolution
		HideSolutionNode = FALSE
	EndGlobalSection
	GlobalSection(ExtensibilityGlobals) = postSolution
		SolutionGuid = {19C27729-C4C7-4989-9D66-1C95D8C46EF3}
	EndGlobalSection
EndGlobal
