
Microsoft Visual Studio Solution File, Format Version 12.00
# Visual Studio Version 16
VisualStudioVersion = 16.0.29009.5
MinimumVisualStudioVersion = 10.0.40219.1
Project("{FAE04EC0-301F-11D3-BF4B-00C04F79EFBC}") = "MakeASalad", "MakeASalad\MakeASalad.csproj", "{483D1FEF-16C5-4251-808A-29E86857DE13}"
EndProject
Global
	GlobalSection(SolutionConfigurationPlatforms) = preSolution
		Debug|Any CPU = Debug|Any CPU
		Release|Any CPU = Release|Any CPU
	EndGlobalSection
	GlobalSection(ProjectConfigurationPlatforms) = postSolution
		{483D1FEF-16C5-4251-808A-29E86857DE13}.Debug|Any CPU.ActiveCfg = Debug|Any CPU
		{483D1FEF-16C5-4251-808A-29E86857DE13}.Debug|Any CPU.Build.0 = Debug|Any CPU
		{483D1FEF-16C5-4251-808A-29E86857DE13}.Release|Any CPU.ActiveCfg = Release|Any CPU
		{483D1FEF-16C5-4251-808A-29E86857DE13}.Release|Any CPU.Build.0 = Release|Any CPU
	EndGlobalSection
	GlobalSection(SolutionProperties) = preSolution
		HideSolutionNode = FALSE
	EndGlobalSection
	GlobalSection(ExtensibilityGlobals) = postSolution
		SolutionGuid = {8BD33E51-EAB1-42AD-BF19-6B88389E8EBD}
	EndGlobalSection
EndGlobal
