
Microsoft Visual Studio Solution File, Format Version 12.00
# Visual Studio Version 16
VisualStudioVersion = 16.0.28922.388
MinimumVisualStudioVersion = 10.0.40219.1
Project("{FAE04EC0-301F-11D3-BF4B-00C04F79EFBC}") = "InfernoIII", "InfernoIII\InfernoIII.csproj", "{269F26FF-FBB7-4D2F-A539-4DC79F2C0355}"
EndProject
Global
	GlobalSection(SolutionConfigurationPlatforms) = preSolution
		Debug|Any CPU = Debug|Any CPU
		Release|Any CPU = Release|Any CPU
	EndGlobalSection
	GlobalSection(ProjectConfigurationPlatforms) = postSolution
		{269F26FF-FBB7-4D2F-A539-4DC79F2C0355}.Debug|Any CPU.ActiveCfg = Debug|Any CPU
		{269F26FF-FBB7-4D2F-A539-4DC79F2C0355}.Debug|Any CPU.Build.0 = Debug|Any CPU
		{269F26FF-FBB7-4D2F-A539-4DC79F2C0355}.Release|Any CPU.ActiveCfg = Release|Any CPU
		{269F26FF-FBB7-4D2F-A539-4DC79F2C0355}.Release|Any CPU.Build.0 = Release|Any CPU
	EndGlobalSection
	GlobalSection(SolutionProperties) = preSolution
		HideSolutionNode = FALSE
	EndGlobalSection
	GlobalSection(ExtensibilityGlobals) = postSolution
		SolutionGuid = {15EBF17B-7A9A-41D0-9228-8E7AF1DAAA3F}
	EndGlobalSection
EndGlobal
