
Microsoft Visual Studio Solution File, Format Version 12.00
# Visual Studio Version 16
VisualStudioVersion = 16.0.28803.202
MinimumVisualStudioVersion = 10.0.40219.1
Project("{FAE04EC0-301F-11D3-BF4B-00C04F79EFBC}") = "Softuni Party", "Softuni Party\Softuni Party.csproj", "{95FB1DCA-823D-43CA-9CB2-0CB3374DFEB8}"
EndProject
Global
	GlobalSection(SolutionConfigurationPlatforms) = preSolution
		Debug|Any CPU = Debug|Any CPU
		Release|Any CPU = Release|Any CPU
	EndGlobalSection
	GlobalSection(ProjectConfigurationPlatforms) = postSolution
		{95FB1DCA-823D-43CA-9CB2-0CB3374DFEB8}.Debug|Any CPU.ActiveCfg = Debug|Any CPU
		{95FB1DCA-823D-43CA-9CB2-0CB3374DFEB8}.Debug|Any CPU.Build.0 = Debug|Any CPU
		{95FB1DCA-823D-43CA-9CB2-0CB3374DFEB8}.Release|Any CPU.ActiveCfg = Release|Any CPU
		{95FB1DCA-823D-43CA-9CB2-0CB3374DFEB8}.Release|Any CPU.Build.0 = Release|Any CPU
	EndGlobalSection
	GlobalSection(SolutionProperties) = preSolution
		HideSolutionNode = FALSE
	EndGlobalSection
	GlobalSection(ExtensibilityGlobals) = postSolution
		SolutionGuid = {947C2A11-2F9B-41C5-AE70-F71671160C78}
	EndGlobalSection
EndGlobal
