
Microsoft Visual Studio Solution File, Format Version 12.00
# Visual Studio Version 16
VisualStudioVersion = 16.0.28803.352
MinimumVisualStudioVersion = 10.0.40219.1
Project("{FAE04EC0-301F-11D3-BF4B-00C04F79EFBC}") = "AppliedArithmetics", "AppliedArithmetics\AppliedArithmetics.csproj", "{9B29B6EB-F41B-43B6-862D-B3FE61EAB543}"
EndProject
Global
	GlobalSection(SolutionConfigurationPlatforms) = preSolution
		Debug|Any CPU = Debug|Any CPU
		Release|Any CPU = Release|Any CPU
	EndGlobalSection
	GlobalSection(ProjectConfigurationPlatforms) = postSolution
		{9B29B6EB-F41B-43B6-862D-B3FE61EAB543}.Debug|Any CPU.ActiveCfg = Debug|Any CPU
		{9B29B6EB-F41B-43B6-862D-B3FE61EAB543}.Debug|Any CPU.Build.0 = Debug|Any CPU
		{9B29B6EB-F41B-43B6-862D-B3FE61EAB543}.Release|Any CPU.ActiveCfg = Release|Any CPU
		{9B29B6EB-F41B-43B6-862D-B3FE61EAB543}.Release|Any CPU.Build.0 = Release|Any CPU
	EndGlobalSection
	GlobalSection(SolutionProperties) = preSolution
		HideSolutionNode = FALSE
	EndGlobalSection
	GlobalSection(ExtensibilityGlobals) = postSolution
		SolutionGuid = {31101ED5-C3D1-4ACD-A3A9-E9A53D91BC42}
	EndGlobalSection
EndGlobal
