
Microsoft Visual Studio Solution File, Format Version 12.00
# Visual Studio Version 16
VisualStudioVersion = 16.0.28803.202
MinimumVisualStudioVersion = 10.0.40219.1
Project("{FAE04EC0-301F-11D3-BF4B-00C04F79EFBC}") = "Define A Class Person", "Define A Class Person\Define A Class Person.csproj", "{CE463DF3-3686-434F-987D-5BAA09D677AD}"
EndProject
Global
	GlobalSection(SolutionConfigurationPlatforms) = preSolution
		Debug|Any CPU = Debug|Any CPU
		Release|Any CPU = Release|Any CPU
	EndGlobalSection
	GlobalSection(ProjectConfigurationPlatforms) = postSolution
		{CE463DF3-3686-434F-987D-5BAA09D677AD}.Debug|Any CPU.ActiveCfg = Debug|Any CPU
		{CE463DF3-3686-434F-987D-5BAA09D677AD}.Debug|Any CPU.Build.0 = Debug|Any CPU
		{CE463DF3-3686-434F-987D-5BAA09D677AD}.Release|Any CPU.ActiveCfg = Release|Any CPU
		{CE463DF3-3686-434F-987D-5BAA09D677AD}.Release|Any CPU.Build.0 = Release|Any CPU
	EndGlobalSection
	GlobalSection(SolutionProperties) = preSolution
		HideSolutionNode = FALSE
	EndGlobalSection
	GlobalSection(ExtensibilityGlobals) = postSolution
		SolutionGuid = {E597123D-0E1C-4685-8367-6027DCD84B21}
	EndGlobalSection
EndGlobal
