
Microsoft Visual Studio Solution File, Format Version 12.00
# Visual Studio Version 16
VisualStudioVersion = 16.0.28803.352
MinimumVisualStudioVersion = 10.0.40219.1
Project("{FAE04EC0-301F-11D3-BF4B-00C04F79EFBC}") = "CustomMinFunction", "CustomMinFunction\CustomMinFunction.csproj", "{58C0A2D3-5A10-433B-98D6-0CF8CBB146EF}"
EndProject
Global
	GlobalSection(SolutionConfigurationPlatforms) = preSolution
		Debug|Any CPU = Debug|Any CPU
		Release|Any CPU = Release|Any CPU
	EndGlobalSection
	GlobalSection(ProjectConfigurationPlatforms) = postSolution
		{58C0A2D3-5A10-433B-98D6-0CF8CBB146EF}.Debug|Any CPU.ActiveCfg = Debug|Any CPU
		{58C0A2D3-5A10-433B-98D6-0CF8CBB146EF}.Debug|Any CPU.Build.0 = Debug|Any CPU
		{58C0A2D3-5A10-433B-98D6-0CF8CBB146EF}.Release|Any CPU.ActiveCfg = Release|Any CPU
		{58C0A2D3-5A10-433B-98D6-0CF8CBB146EF}.Release|Any CPU.Build.0 = Release|Any CPU
	EndGlobalSection
	GlobalSection(SolutionProperties) = preSolution
		HideSolutionNode = FALSE
	EndGlobalSection
	GlobalSection(ExtensibilityGlobals) = postSolution
		SolutionGuid = {26DCAD9A-F4D0-4C15-A9E6-EC5A717C9AAC}
	EndGlobalSection
EndGlobal
