
Microsoft Visual Studio Solution File, Format Version 12.00
# Visual Studio Version 16
VisualStudioVersion = 16.0.28803.202
MinimumVisualStudioVersion = 10.0.40219.1
Project("{FAE04EC0-301F-11D3-BF4B-00C04F79EFBC}") = "Auto Repair And Service", "Auto Repair And Service\Auto Repair And Service.csproj", "{81C35814-AAAE-4BEF-A092-E8F72BA4EA5F}"
EndProject
Global
	GlobalSection(SolutionConfigurationPlatforms) = preSolution
		Debug|Any CPU = Debug|Any CPU
		Release|Any CPU = Release|Any CPU
	EndGlobalSection
	GlobalSection(ProjectConfigurationPlatforms) = postSolution
		{81C35814-AAAE-4BEF-A092-E8F72BA4EA5F}.Debug|Any CPU.ActiveCfg = Debug|Any CPU
		{81C35814-AAAE-4BEF-A092-E8F72BA4EA5F}.Debug|Any CPU.Build.0 = Debug|Any CPU
		{81C35814-AAAE-4BEF-A092-E8F72BA4EA5F}.Release|Any CPU.ActiveCfg = Release|Any CPU
		{81C35814-AAAE-4BEF-A092-E8F72BA4EA5F}.Release|Any CPU.Build.0 = Release|Any CPU
	EndGlobalSection
	GlobalSection(SolutionProperties) = preSolution
		HideSolutionNode = FALSE
	EndGlobalSection
	GlobalSection(ExtensibilityGlobals) = postSolution
		SolutionGuid = {6097622F-06B7-4754-BA99-A238AFFB3238}
	EndGlobalSection
EndGlobal
