
Microsoft Visual Studio Solution File, Format Version 12.00
# Visual Studio Version 16
VisualStudioVersion = 16.0.28922.388
MinimumVisualStudioVersion = 10.0.40219.1
Project("{9A19103F-16F7-4668-BE54-9A1E7A4F7556}") = "CarManufacturer", "CarExtension\CarManufacturer.csproj", "{1468DA2A-4932-402A-8263-933AC0D9DF3B}"
EndProject
Global
	GlobalSection(SolutionConfigurationPlatforms) = preSolution
		Debug|Any CPU = Debug|Any CPU
		Release|Any CPU = Release|Any CPU
	EndGlobalSection
	GlobalSection(ProjectConfigurationPlatforms) = postSolution
		{1468DA2A-4932-402A-8263-933AC0D9DF3B}.Debug|Any CPU.ActiveCfg = Debug|Any CPU
		{1468DA2A-4932-402A-8263-933AC0D9DF3B}.Debug|Any CPU.Build.0 = Debug|Any CPU
		{1468DA2A-4932-402A-8263-933AC0D9DF3B}.Release|Any CPU.ActiveCfg = Release|Any CPU
		{1468DA2A-4932-402A-8263-933AC0D9DF3B}.Release|Any CPU.Build.0 = Release|Any CPU
	EndGlobalSection
	GlobalSection(SolutionProperties) = preSolution
		HideSolutionNode = FALSE
	EndGlobalSection
	GlobalSection(ExtensibilityGlobals) = postSolution
		SolutionGuid = {BD3E9C3F-7345-43BC-979F-1D56AEBE92F5}
	EndGlobalSection
EndGlobal
