
Microsoft Visual Studio Solution File, Format Version 12.00
# Visual Studio Version 16
VisualStudioVersion = 16.0.29009.5
MinimumVisualStudioVersion = 10.0.40219.1
Project("{FAE04EC0-301F-11D3-BF4B-00C04F79EFBC}") = "ClubParty", "ClubParty\ClubParty.csproj", "{61127247-0BB9-4129-A7C0-15C46250139D}"
EndProject
Global
	GlobalSection(SolutionConfigurationPlatforms) = preSolution
		Debug|Any CPU = Debug|Any CPU
		Release|Any CPU = Release|Any CPU
	EndGlobalSection
	GlobalSection(ProjectConfigurationPlatforms) = postSolution
		{61127247-0BB9-4129-A7C0-15C46250139D}.Debug|Any CPU.ActiveCfg = Debug|Any CPU
		{61127247-0BB9-4129-A7C0-15C46250139D}.Debug|Any CPU.Build.0 = Debug|Any CPU
		{61127247-0BB9-4129-A7C0-15C46250139D}.Release|Any CPU.ActiveCfg = Release|Any CPU
		{61127247-0BB9-4129-A7C0-15C46250139D}.Release|Any CPU.Build.0 = Release|Any CPU
	EndGlobalSection
	GlobalSection(SolutionProperties) = preSolution
		HideSolutionNode = FALSE
	EndGlobalSection
	GlobalSection(ExtensibilityGlobals) = postSolution
		SolutionGuid = {7390307E-70EE-4CB2-856F-B28E91EF20D6}
	EndGlobalSection
EndGlobal
