
Microsoft Visual Studio Solution File, Format Version 12.00
# Visual Studio 15
VisualStudioVersion = 15.0.28307.645
MinimumVisualStudioVersion = 10.0.40219.1
Project("{9A19103F-16F7-4668-BE54-9A1E7A4F7556}") = "Repository", "Repository.csproj", "{9F26D6BE-5481-40F1-8341-0083F4A41C50}"
EndProject
Global
	GlobalSection(SolutionConfigurationPlatforms) = preSolution
		Debug|Any CPU = Debug|Any CPU
		Release|Any CPU = Release|Any CPU
	EndGlobalSection
	GlobalSection(ProjectConfigurationPlatforms) = postSolution
		{9F26D6BE-5481-40F1-8341-0083F4A41C50}.Debug|Any CPU.ActiveCfg = Debug|Any CPU
		{9F26D6BE-5481-40F1-8341-0083F4A41C50}.Debug|Any CPU.Build.0 = Debug|Any CPU
		{9F26D6BE-5481-40F1-8341-0083F4A41C50}.Release|Any CPU.ActiveCfg = Release|Any CPU
		{9F26D6BE-5481-40F1-8341-0083F4A41C50}.Release|Any CPU.Build.0 = Release|Any CPU
	EndGlobalSection
	GlobalSection(SolutionProperties) = preSolution
		HideSolutionNode = FALSE
	EndGlobalSection
	GlobalSection(ExtensibilityGlobals) = postSolution
		SolutionGuid = {5B602B68-F003-4770-86DF-BBC838AE1555}
	EndGlobalSection
EndGlobal
