
Microsoft Visual Studio Solution File, Format Version 12.00
# Visual Studio Version 16
VisualStudioVersion = 16.0.28803.452
MinimumVisualStudioVersion = 10.0.40219.1
Project("{FAE04EC0-301F-11D3-BF4B-00C04F79EFBC}") = "TrojanInvasion", "TrojanInvasion\TrojanInvasion.csproj", "{2AA86DE2-2E98-440C-A843-BACF6D0A8CF0}"
EndProject
Global
	GlobalSection(SolutionConfigurationPlatforms) = preSolution
		Debug|Any CPU = Debug|Any CPU
		Release|Any CPU = Release|Any CPU
	EndGlobalSection
	GlobalSection(ProjectConfigurationPlatforms) = postSolution
		{2AA86DE2-2E98-440C-A843-BACF6D0A8CF0}.Debug|Any CPU.ActiveCfg = Debug|Any CPU
		{2AA86DE2-2E98-440C-A843-BACF6D0A8CF0}.Debug|Any CPU.Build.0 = Debug|Any CPU
		{2AA86DE2-2E98-440C-A843-BACF6D0A8CF0}.Release|Any CPU.ActiveCfg = Release|Any CPU
		{2AA86DE2-2E98-440C-A843-BACF6D0A8CF0}.Release|Any CPU.Build.0 = Release|Any CPU
	EndGlobalSection
	GlobalSection(SolutionProperties) = preSolution
		HideSolutionNode = FALSE
	EndGlobalSection
	GlobalSection(ExtensibilityGlobals) = postSolution
		SolutionGuid = {B2683A72-8328-4373-92EB-5B01059916F1}
	EndGlobalSection
EndGlobal
