
Microsoft Visual Studio Solution File, Format Version 12.00
# Visual Studio 15
VisualStudioVersion = 15.0.28010.2050
MinimumVisualStudioVersion = 10.0.40219.1
Project("{FAE04EC0-301F-11D3-BF4B-00C04F79EFBC}") = "Rank", "Rank\Rank.csproj", "{D0611C4B-773F-428D-926E-B529711EBA4B}"
EndProject
Global
	GlobalSection(SolutionConfigurationPlatforms) = preSolution
		Debug|Any CPU = Debug|Any CPU
		Release|Any CPU = Release|Any CPU
	EndGlobalSection
	GlobalSection(ProjectConfigurationPlatforms) = postSolution
		{D0611C4B-773F-428D-926E-B529711EBA4B}.Debug|Any CPU.ActiveCfg = Debug|Any CPU
		{D0611C4B-773F-428D-926E-B529711EBA4B}.Debug|Any CPU.Build.0 = Debug|Any CPU
		{D0611C4B-773F-428D-926E-B529711EBA4B}.Release|Any CPU.ActiveCfg = Release|Any CPU
		{D0611C4B-773F-428D-926E-B529711EBA4B}.Release|Any CPU.Build.0 = Release|Any CPU
	EndGlobalSection
	GlobalSection(SolutionProperties) = preSolution
		HideSolutionNode = FALSE
	EndGlobalSection
	GlobalSection(ExtensibilityGlobals) = postSolution
		SolutionGuid = {6233B742-252B-4E73-93E1-47A74C557087}
	EndGlobalSection
EndGlobal
