
Microsoft Visual Studio Solution File, Format Version 12.00
# Visual Studio Version 16
VisualStudioVersion = 16.0.28803.202
MinimumVisualStudioVersion = 10.0.40219.1
Project("{FAE04EC0-301F-11D3-BF4B-00C04F79EFBC}") = "Basic Queue Operations", "Basic Queue Operations\Basic Queue Operations.csproj", "{57878F99-88B2-4350-94E8-D91E1333CC77}"
EndProject
Global
	GlobalSection(SolutionConfigurationPlatforms) = preSolution
		Debug|Any CPU = Debug|Any CPU
		Release|Any CPU = Release|Any CPU
	EndGlobalSection
	GlobalSection(ProjectConfigurationPlatforms) = postSolution
		{57878F99-88B2-4350-94E8-D91E1333CC77}.Debug|Any CPU.ActiveCfg = Debug|Any CPU
		{57878F99-88B2-4350-94E8-D91E1333CC77}.Debug|Any CPU.Build.0 = Debug|Any CPU
		{57878F99-88B2-4350-94E8-D91E1333CC77}.Release|Any CPU.ActiveCfg = Release|Any CPU
		{57878F99-88B2-4350-94E8-D91E1333CC77}.Release|Any CPU.Build.0 = Release|Any CPU
	EndGlobalSection
	GlobalSection(SolutionProperties) = preSolution
		HideSolutionNode = FALSE
	EndGlobalSection
	GlobalSection(ExtensibilityGlobals) = postSolution
		SolutionGuid = {7BDB1694-55DF-4932-A15B-00468CD29DA7}
	EndGlobalSection
EndGlobal
