
Microsoft Visual Studio Solution File, Format Version 12.00
# Visual Studio Version 16
VisualStudioVersion = 16.0.28922.388
MinimumVisualStudioVersion = 10.0.40219.1
Project("{FAE04EC0-301F-11D3-BF4B-00C04F79EFBC}") = "PartyReservationFilterModule", "PartyReservationFilterModule\PartyReservationFilterModule.csproj", "{3CCABC1A-6B94-4284-81E6-A310F7C90335}"
EndProject
Global
	GlobalSection(SolutionConfigurationPlatforms) = preSolution
		Debug|Any CPU = Debug|Any CPU
		Release|Any CPU = Release|Any CPU
	EndGlobalSection
	GlobalSection(ProjectConfigurationPlatforms) = postSolution
		{3CCABC1A-6B94-4284-81E6-A310F7C90335}.Debug|Any CPU.ActiveCfg = Debug|Any CPU
		{3CCABC1A-6B94-4284-81E6-A310F7C90335}.Debug|Any CPU.Build.0 = Debug|Any CPU
		{3CCABC1A-6B94-4284-81E6-A310F7C90335}.Release|Any CPU.ActiveCfg = Release|Any CPU
		{3CCABC1A-6B94-4284-81E6-A310F7C90335}.Release|Any CPU.Build.0 = Release|Any CPU
	EndGlobalSection
	GlobalSection(SolutionProperties) = preSolution
		HideSolutionNode = FALSE
	EndGlobalSection
	GlobalSection(ExtensibilityGlobals) = postSolution
		SolutionGuid = {3323A3DB-D507-4F3F-856A-6C8AEE0BB914}
	EndGlobalSection
EndGlobal
