
Microsoft Visual Studio Solution File, Format Version 12.00
# Visual Studio Version 16
VisualStudioVersion = 16.0.29001.49
MinimumVisualStudioVersion = 10.0.40219.1
Project("{FAE04EC0-301F-11D3-BF4B-00C04F79EFBC}") = "Sockes", "Sockes\Sockes.csproj", "{D3E2C6FC-FB94-4BEC-8986-D0C14A28A991}"
EndProject
Global
	GlobalSection(SolutionConfigurationPlatforms) = preSolution
		Debug|Any CPU = Debug|Any CPU
		Release|Any CPU = Release|Any CPU
	EndGlobalSection
	GlobalSection(ProjectConfigurationPlatforms) = postSolution
		{D3E2C6FC-FB94-4BEC-8986-D0C14A28A991}.Debug|Any CPU.ActiveCfg = Debug|Any CPU
		{D3E2C6FC-FB94-4BEC-8986-D0C14A28A991}.Debug|Any CPU.Build.0 = Debug|Any CPU
		{D3E2C6FC-FB94-4BEC-8986-D0C14A28A991}.Release|Any CPU.ActiveCfg = Release|Any CPU
		{D3E2C6FC-FB94-4BEC-8986-D0C14A28A991}.Release|Any CPU.Build.0 = Release|Any CPU
	EndGlobalSection
	GlobalSection(SolutionProperties) = preSolution
		HideSolutionNode = FALSE
	EndGlobalSection
	GlobalSection(ExtensibilityGlobals) = postSolution
		SolutionGuid = {453160AA-63D7-42C2-8C95-9DCAC56E2C6F}
	EndGlobalSection
EndGlobal
