
Microsoft Visual Studio Solution File, Format Version 12.00
# Visual Studio 15
VisualStudioVersion = 15.0.28307.572
MinimumVisualStudioVersion = 10.0.40219.1
Project("{FAE04EC0-301F-11D3-BF4B-00C04F79EFBC}") = "SymbolInMatrix", "SymbolInMatrix\SymbolInMatrix.csproj", "{B3F41838-9247-4306-99DC-D1A4A6C11337}"
EndProject
Global
	GlobalSection(SolutionConfigurationPlatforms) = preSolution
		Debug|Any CPU = Debug|Any CPU
		Release|Any CPU = Release|Any CPU
	EndGlobalSection
	GlobalSection(ProjectConfigurationPlatforms) = postSolution
		{B3F41838-9247-4306-99DC-D1A4A6C11337}.Debug|Any CPU.ActiveCfg = Debug|Any CPU
		{B3F41838-9247-4306-99DC-D1A4A6C11337}.Debug|Any CPU.Build.0 = Debug|Any CPU
		{B3F41838-9247-4306-99DC-D1A4A6C11337}.Release|Any CPU.ActiveCfg = Release|Any CPU
		{B3F41838-9247-4306-99DC-D1A4A6C11337}.Release|Any CPU.Build.0 = Release|Any CPU
	EndGlobalSection
	GlobalSection(SolutionProperties) = preSolution
		HideSolutionNode = FALSE
	EndGlobalSection
	GlobalSection(ExtensibilityGlobals) = postSolution
		SolutionGuid = {E3038FEC-0B72-4CBA-8E8D-4DB83F4661B3}
	EndGlobalSection
EndGlobal
