
Microsoft Visual Studio Solution File, Format Version 12.00
# Visual Studio Version 16
VisualStudioVersion = 16.0.28803.202
MinimumVisualStudioVersion = 10.0.40219.1
Project("{FAE04EC0-301F-11D3-BF4B-00C04F79EFBC}") = "Supermarket", "Supermarket\Supermarket.csproj", "{31C383E2-700A-4B07-B9A7-7ACAF36D7A0E}"
EndProject
Global
	GlobalSection(SolutionConfigurationPlatforms) = preSolution
		Debug|Any CPU = Debug|Any CPU
		Release|Any CPU = Release|Any CPU
	EndGlobalSection
	GlobalSection(ProjectConfigurationPlatforms) = postSolution
		{31C383E2-700A-4B07-B9A7-7ACAF36D7A0E}.Debug|Any CPU.ActiveCfg = Debug|Any CPU
		{31C383E2-700A-4B07-B9A7-7ACAF36D7A0E}.Debug|Any CPU.Build.0 = Debug|Any CPU
		{31C383E2-700A-4B07-B9A7-7ACAF36D7A0E}.Release|Any CPU.ActiveCfg = Release|Any CPU
		{31C383E2-700A-4B07-B9A7-7ACAF36D7A0E}.Release|Any CPU.Build.0 = Release|Any CPU
	EndGlobalSection
	GlobalSection(SolutionProperties) = preSolution
		HideSolutionNode = FALSE
	EndGlobalSection
	GlobalSection(ExtensibilityGlobals) = postSolution
		SolutionGuid = {793518D8-62ED-476D-ACCF-7EFCBEB14428}
	EndGlobalSection
EndGlobal
