
Microsoft Visual Studio Solution File, Format Version 12.00
# Visual Studio Version 16
VisualStudioVersion = 16.0.28922.388
MinimumVisualStudioVersion = 10.0.40219.1
Project("{FAE04EC0-301F-11D3-BF4B-00C04F79EFBC}") = "GetSizeOfFiles", "GetSizeOfFiles\GetSizeOfFiles.csproj", "{23286988-210D-438D-9433-48B86F1BFA9C}"
EndProject
Global
	GlobalSection(SolutionConfigurationPlatforms) = preSolution
		Debug|Any CPU = Debug|Any CPU
		Release|Any CPU = Release|Any CPU
	EndGlobalSection
	GlobalSection(ProjectConfigurationPlatforms) = postSolution
		{23286988-210D-438D-9433-48B86F1BFA9C}.Debug|Any CPU.ActiveCfg = Debug|Any CPU
		{23286988-210D-438D-9433-48B86F1BFA9C}.Debug|Any CPU.Build.0 = Debug|Any CPU
		{23286988-210D-438D-9433-48B86F1BFA9C}.Release|Any CPU.ActiveCfg = Release|Any CPU
		{23286988-210D-438D-9433-48B86F1BFA9C}.Release|Any CPU.Build.0 = Release|Any CPU
	EndGlobalSection
	GlobalSection(SolutionProperties) = preSolution
		HideSolutionNode = FALSE
	EndGlobalSection
	GlobalSection(ExtensibilityGlobals) = postSolution
		SolutionGuid = {E67C5EA0-0D9A-4684-AB0F-B7795728C538}
	EndGlobalSection
EndGlobal
