
Microsoft Visual Studio Solution File, Format Version 12.00
# Visual Studio Version 16
VisualStudioVersion = 16.0.28803.202
MinimumVisualStudioVersion = 10.0.40219.1
Project("{FAE04EC0-301F-11D3-BF4B-00C04F79EFBC}") = "Knight Game", "Knight Game\Knight Game.csproj", "{55F86573-5734-4809-B39E-0968AECE92C0}"
EndProject
Global
	GlobalSection(SolutionConfigurationPlatforms) = preSolution
		Debug|Any CPU = Debug|Any CPU
		Release|Any CPU = Release|Any CPU
	EndGlobalSection
	GlobalSection(ProjectConfigurationPlatforms) = postSolution
		{55F86573-5734-4809-B39E-0968AECE92C0}.Debug|Any CPU.ActiveCfg = Debug|Any CPU
		{55F86573-5734-4809-B39E-0968AECE92C0}.Debug|Any CPU.Build.0 = Debug|Any CPU
		{55F86573-5734-4809-B39E-0968AECE92C0}.Release|Any CPU.ActiveCfg = Release|Any CPU
		{55F86573-5734-4809-B39E-0968AECE92C0}.Release|Any CPU.Build.0 = Release|Any CPU
	EndGlobalSection
	GlobalSection(SolutionProperties) = preSolution
		HideSolutionNode = FALSE
	EndGlobalSection
	GlobalSection(ExtensibilityGlobals) = postSolution
		SolutionGuid = {531933BC-BDC6-4BC7-8486-8CE1C85481ED}
	EndGlobalSection
EndGlobal
