
Microsoft Visual Studio Solution File, Format Version 12.00
# Visual Studio 15
VisualStudioVersion = 15.0.28307.572
MinimumVisualStudioVersion = 10.0.40219.1
Project("{FAE04EC0-301F-11D3-BF4B-00C04F79EFBC}") = "Count Same Values In Array", "Count Same Values In Array\Count Same Values In Array.csproj", "{C26A7A10-E804-4011-8267-0C501886096B}"
EndProject
Global
	GlobalSection(SolutionConfigurationPlatforms) = preSolution
		Debug|Any CPU = Debug|Any CPU
		Release|Any CPU = Release|Any CPU
	EndGlobalSection
	GlobalSection(ProjectConfigurationPlatforms) = postSolution
		{C26A7A10-E804-4011-8267-0C501886096B}.Debug|Any CPU.ActiveCfg = Debug|Any CPU
		{C26A7A10-E804-4011-8267-0C501886096B}.Debug|Any CPU.Build.0 = Debug|Any CPU
		{C26A7A10-E804-4011-8267-0C501886096B}.Release|Any CPU.ActiveCfg = Release|Any CPU
		{C26A7A10-E804-4011-8267-0C501886096B}.Release|Any CPU.Build.0 = Release|Any CPU
	EndGlobalSection
	GlobalSection(SolutionProperties) = preSolution
		HideSolutionNode = FALSE
	EndGlobalSection
	GlobalSection(ExtensibilityGlobals) = postSolution
		SolutionGuid = {5BD6EC21-A978-4925-A1BF-123C852AEA70}
	EndGlobalSection
EndGlobal
