
Microsoft Visual Studio Solution File, Format Version 12.00
# Visual Studio Version 16
VisualStudioVersion = 16.0.28803.202
MinimumVisualStudioVersion = 10.0.40219.1
Project("{FAE04EC0-301F-11D3-BF4B-00C04F79EFBC}") = "Max And Min Element", "Max And Min Element\Max And Min Element.csproj", "{952F33D6-C252-4CB0-B3A0-5E3AC90D87AA}"
EndProject
Global
	GlobalSection(SolutionConfigurationPlatforms) = preSolution
		Debug|Any CPU = Debug|Any CPU
		Release|Any CPU = Release|Any CPU
	EndGlobalSection
	GlobalSection(ProjectConfigurationPlatforms) = postSolution
		{952F33D6-C252-4CB0-B3A0-5E3AC90D87AA}.Debug|Any CPU.ActiveCfg = Debug|Any CPU
		{952F33D6-C252-4CB0-B3A0-5E3AC90D87AA}.Debug|Any CPU.Build.0 = Debug|Any CPU
		{952F33D6-C252-4CB0-B3A0-5E3AC90D87AA}.Release|Any CPU.ActiveCfg = Release|Any CPU
		{952F33D6-C252-4CB0-B3A0-5E3AC90D87AA}.Release|Any CPU.Build.0 = Release|Any CPU
	EndGlobalSection
	GlobalSection(SolutionProperties) = preSolution
		HideSolutionNode = FALSE
	EndGlobalSection
	GlobalSection(ExtensibilityGlobals) = postSolution
		SolutionGuid = {958BDEE7-ED33-4488-85E5-878742ADF92C}
	EndGlobalSection
EndGlobal
