
Microsoft Visual Studio Solution File, Format Version 12.00
# Visual Studio Version 16
VisualStudioVersion = 16.0.28922.388
MinimumVisualStudioVersion = 10.0.40219.1
Project("{FAE04EC0-301F-11D3-BF4B-00C04F79EFBC}") = "PredicateForNames", "PredicateForNames\PredicateForNames.csproj", "{633F6832-9527-461F-A97D-1090F5BBEED5}"
EndProject
Global
	GlobalSection(SolutionConfigurationPlatforms) = preSolution
		Debug|Any CPU = Debug|Any CPU
		Release|Any CPU = Release|Any CPU
	EndGlobalSection
	GlobalSection(ProjectConfigurationPlatforms) = postSolution
		{633F6832-9527-461F-A97D-1090F5BBEED5}.Debug|Any CPU.ActiveCfg = Debug|Any CPU
		{633F6832-9527-461F-A97D-1090F5BBEED5}.Debug|Any CPU.Build.0 = Debug|Any CPU
		{633F6832-9527-461F-A97D-1090F5BBEED5}.Release|Any CPU.ActiveCfg = Release|Any CPU
		{633F6832-9527-461F-A97D-1090F5BBEED5}.Release|Any CPU.Build.0 = Release|Any CPU
	EndGlobalSection
	GlobalSection(SolutionProperties) = preSolution
		HideSolutionNode = FALSE
	EndGlobalSection
	GlobalSection(ExtensibilityGlobals) = postSolution
		SolutionGuid = {F37792AE-41D9-4047-A9C4-3281FA844022}
	EndGlobalSection
EndGlobal
