
Microsoft Visual Studio Solution File, Format Version 12.00
# Visual Studio Version 16
VisualStudioVersion = 16.0.28922.388
MinimumVisualStudioVersion = 10.0.40219.1
Project("{FAE04EC0-301F-11D3-BF4B-00C04F79EFBC}") = "SliceFile", "SliceFile\SliceFile.csproj", "{9E79F9A2-DB00-4D97-8579-3EFB20E6882D}"
EndProject
Global
	GlobalSection(SolutionConfigurationPlatforms) = preSolution
		Debug|Any CPU = Debug|Any CPU
		Release|Any CPU = Release|Any CPU
	EndGlobalSection
	GlobalSection(ProjectConfigurationPlatforms) = postSolution
		{9E79F9A2-DB00-4D97-8579-3EFB20E6882D}.Debug|Any CPU.ActiveCfg = Debug|Any CPU
		{9E79F9A2-DB00-4D97-8579-3EFB20E6882D}.Debug|Any CPU.Build.0 = Debug|Any CPU
		{9E79F9A2-DB00-4D97-8579-3EFB20E6882D}.Release|Any CPU.ActiveCfg = Release|Any CPU
		{9E79F9A2-DB00-4D97-8579-3EFB20E6882D}.Release|Any CPU.Build.0 = Release|Any CPU
	EndGlobalSection
	GlobalSection(SolutionProperties) = preSolution
		HideSolutionNode = FALSE
	EndGlobalSection
	GlobalSection(ExtensibilityGlobals) = postSolution
		SolutionGuid = {CCB66F9A-50F3-455C-A5A1-8F6CD8FD4E2C}
	EndGlobalSection
EndGlobal
