
Microsoft Visual Studio Solution File, Format Version 12.00
# Visual Studio Version 16
VisualStudioVersion = 16.0.28922.388
MinimumVisualStudioVersion = 10.0.40219.1
Project("{FAE04EC0-301F-11D3-BF4B-00C04F79EFBC}") = "ListOfPredicates", "ListOfPredicates\ListOfPredicates.csproj", "{CBB21149-B413-4726-A469-99EF51FDCD91}"
EndProject
Global
	GlobalSection(SolutionConfigurationPlatforms) = preSolution
		Debug|Any CPU = Debug|Any CPU
		Release|Any CPU = Release|Any CPU
	EndGlobalSection
	GlobalSection(ProjectConfigurationPlatforms) = postSolution
		{CBB21149-B413-4726-A469-99EF51FDCD91}.Debug|Any CPU.ActiveCfg = Debug|Any CPU
		{CBB21149-B413-4726-A469-99EF51FDCD91}.Debug|Any CPU.Build.0 = Debug|Any CPU
		{CBB21149-B413-4726-A469-99EF51FDCD91}.Release|Any CPU.ActiveCfg = Release|Any CPU
		{CBB21149-B413-4726-A469-99EF51FDCD91}.Release|Any CPU.Build.0 = Release|Any CPU
	EndGlobalSection
	GlobalSection(SolutionProperties) = preSolution
		HideSolutionNode = FALSE
	EndGlobalSection
	GlobalSection(ExtensibilityGlobals) = postSolution
		SolutionGuid = {B09BD420-ABA1-4D1F-8223-E411802C4696}
	EndGlobalSection
EndGlobal
