
Microsoft Visual Studio Solution File, Format Version 12.00
# Visual Studio Version 16
VisualStudioVersion = 16.0.28803.156
MinimumVisualStudioVersion = 10.0.40219.1
Project("{FAE04EC0-301F-11D3-BF4B-00C04F79EFBC}") = "Simple Calculator", "Simple Calculator\Simple Calculator.csproj", "{5A167F88-C356-4548-9668-717F4E40EE18}"
EndProject
Global
	GlobalSection(SolutionConfigurationPlatforms) = preSolution
		Debug|Any CPU = Debug|Any CPU
		Release|Any CPU = Release|Any CPU
	EndGlobalSection
	GlobalSection(ProjectConfigurationPlatforms) = postSolution
		{5A167F88-C356-4548-9668-717F4E40EE18}.Debug|Any CPU.ActiveCfg = Debug|Any CPU
		{5A167F88-C356-4548-9668-717F4E40EE18}.Debug|Any CPU.Build.0 = Debug|Any CPU
		{5A167F88-C356-4548-9668-717F4E40EE18}.Release|Any CPU.ActiveCfg = Release|Any CPU
		{5A167F88-C356-4548-9668-717F4E40EE18}.Release|Any CPU.Build.0 = Release|Any CPU
	EndGlobalSection
	GlobalSection(SolutionProperties) = preSolution
		HideSolutionNode = FALSE
	EndGlobalSection
	GlobalSection(ExtensibilityGlobals) = postSolution
		SolutionGuid = {5F222C50-C525-4C63-AF66-8FB02F13D1C5}
	EndGlobalSection
EndGlobal
