
Microsoft Visual Studio Solution File, Format Version 12.00
# Visual Studio 15
VisualStudioVersion = 15.0.28307.572
MinimumVisualStudioVersion = 10.0.40219.1
Project("{FAE04EC0-301F-11D3-BF4B-00C04F79EFBC}") = "Squares In Matrix", "Squares In Matrix\Squares In Matrix.csproj", "{1B08E510-1DB2-40D8-8492-0DC5E33E41E1}"
EndProject
Global
	GlobalSection(SolutionConfigurationPlatforms) = preSolution
		Debug|Any CPU = Debug|Any CPU
		Release|Any CPU = Release|Any CPU
	EndGlobalSection
	GlobalSection(ProjectConfigurationPlatforms) = postSolution
		{1B08E510-1DB2-40D8-8492-0DC5E33E41E1}.Debug|Any CPU.ActiveCfg = Debug|Any CPU
		{1B08E510-1DB2-40D8-8492-0DC5E33E41E1}.Debug|Any CPU.Build.0 = Debug|Any CPU
		{1B08E510-1DB2-40D8-8492-0DC5E33E41E1}.Release|Any CPU.ActiveCfg = Release|Any CPU
		{1B08E510-1DB2-40D8-8492-0DC5E33E41E1}.Release|Any CPU.Build.0 = Release|Any CPU
	EndGlobalSection
	GlobalSection(SolutionProperties) = preSolution
		HideSolutionNode = FALSE
	EndGlobalSection
	GlobalSection(ExtensibilityGlobals) = postSolution
		SolutionGuid = {C566CC61-3DB4-41A9-A0E4-951899DC1483}
	EndGlobalSection
EndGlobal
