
Microsoft Visual Studio Solution File, Format Version 12.00
# Visual Studio 15
VisualStudioVersion = 15.0.28307.572
MinimumVisualStudioVersion = 10.0.40219.1
Project("{FAE04EC0-301F-11D3-BF4B-00C04F79EFBC}") = "Snake Moves", "Snake Moves\Snake Moves.csproj", "{99077DE1-10D4-4629-B576-2DA432DC7E0E}"
EndProject
Global
	GlobalSection(SolutionConfigurationPlatforms) = preSolution
		Debug|Any CPU = Debug|Any CPU
		Release|Any CPU = Release|Any CPU
	EndGlobalSection
	GlobalSection(ProjectConfigurationPlatforms) = postSolution
		{99077DE1-10D4-4629-B576-2DA432DC7E0E}.Debug|Any CPU.ActiveCfg = Debug|Any CPU
		{99077DE1-10D4-4629-B576-2DA432DC7E0E}.Debug|Any CPU.Build.0 = Debug|Any CPU
		{99077DE1-10D4-4629-B576-2DA432DC7E0E}.Release|Any CPU.ActiveCfg = Release|Any CPU
		{99077DE1-10D4-4629-B576-2DA432DC7E0E}.Release|Any CPU.Build.0 = Release|Any CPU
	EndGlobalSection
	GlobalSection(SolutionProperties) = preSolution
		HideSolutionNode = FALSE
	EndGlobalSection
	GlobalSection(ExtensibilityGlobals) = postSolution
		SolutionGuid = {BF8EB96A-5BCE-4E1B-B24A-C0ED21EBFEA4}
	EndGlobalSection
EndGlobal
