
Microsoft Visual Studio Solution File, Format Version 12.00
# Visual Studio Version 16
VisualStudioVersion = 16.0.28803.352
MinimumVisualStudioVersion = 10.0.40219.1
Project("{FAE04EC0-301F-11D3-BF4B-00C04F79EFBC}") = "KnightsOfHonor", "KnightsOfHonor\KnightsOfHonor.csproj", "{46ABDF69-B87A-4842-9CE4-2475BB8E111C}"
EndProject
Global
	GlobalSection(SolutionConfigurationPlatforms) = preSolution
		Debug|Any CPU = Debug|Any CPU
		Release|Any CPU = Release|Any CPU
	EndGlobalSection
	GlobalSection(ProjectConfigurationPlatforms) = postSolution
		{46ABDF69-B87A-4842-9CE4-2475BB8E111C}.Debug|Any CPU.ActiveCfg = Debug|Any CPU
		{46ABDF69-B87A-4842-9CE4-2475BB8E111C}.Debug|Any CPU.Build.0 = Debug|Any CPU
		{46ABDF69-B87A-4842-9CE4-2475BB8E111C}.Release|Any CPU.ActiveCfg = Release|Any CPU
		{46ABDF69-B87A-4842-9CE4-2475BB8E111C}.Release|Any CPU.Build.0 = Release|Any CPU
	EndGlobalSection
	GlobalSection(SolutionProperties) = preSolution
		HideSolutionNode = FALSE
	EndGlobalSection
	GlobalSection(ExtensibilityGlobals) = postSolution
		SolutionGuid = {5E6A2526-39C9-4587-8CF7-E5A11EFA150A}
	EndGlobalSection
EndGlobal
