
Microsoft Visual Studio Solution File, Format Version 12.00
# Visual Studio Version 16
VisualStudioVersion = 16.0.29009.5
MinimumVisualStudioVersion = 10.0.40219.1
Project("{FAE04EC0-301F-11D3-BF4B-00C04F79EFBC}") = "LibraryIterator", "LibraryIterator\LibraryIterator.csproj", "{7B3C7B27-B11C-4887-9BF3-CE90C88D4A44}"
EndProject
Global
	GlobalSection(SolutionConfigurationPlatforms) = preSolution
		Debug|Any CPU = Debug|Any CPU
		Release|Any CPU = Release|Any CPU
	EndGlobalSection
	GlobalSection(ProjectConfigurationPlatforms) = postSolution
		{7B3C7B27-B11C-4887-9BF3-CE90C88D4A44}.Debug|Any CPU.ActiveCfg = Debug|Any CPU
		{7B3C7B27-B11C-4887-9BF3-CE90C88D4A44}.Debug|Any CPU.Build.0 = Debug|Any CPU
		{7B3C7B27-B11C-4887-9BF3-CE90C88D4A44}.Release|Any CPU.ActiveCfg = Release|Any CPU
		{7B3C7B27-B11C-4887-9BF3-CE90C88D4A44}.Release|Any CPU.Build.0 = Release|Any CPU
	EndGlobalSection
	GlobalSection(SolutionProperties) = preSolution
		HideSolutionNode = FALSE
	EndGlobalSection
	GlobalSection(ExtensibilityGlobals) = postSolution
		SolutionGuid = {A67DAAE5-43B4-4155-A125-3DD2121A8147}
	EndGlobalSection
EndGlobal
