
Microsoft Visual Studio Solution File, Format Version 12.00
# Visual Studio Version 16
VisualStudioVersion = 16.0.28803.202
MinimumVisualStudioVersion = 10.0.40219.1
Project("{FAE04EC0-301F-11D3-BF4B-00C04F79EFBC}") = "Simple Text Editor", "Simple Text Editor\Simple Text Editor.csproj", "{51BFC85B-8B0F-438D-8EC8-CA19F7254663}"
EndProject
Global
	GlobalSection(SolutionConfigurationPlatforms) = preSolution
		Debug|Any CPU = Debug|Any CPU
		Release|Any CPU = Release|Any CPU
	EndGlobalSection
	GlobalSection(ProjectConfigurationPlatforms) = postSolution
		{51BFC85B-8B0F-438D-8EC8-CA19F7254663}.Debug|Any CPU.ActiveCfg = Debug|Any CPU
		{51BFC85B-8B0F-438D-8EC8-CA19F7254663}.Debug|Any CPU.Build.0 = Debug|Any CPU
		{51BFC85B-8B0F-438D-8EC8-CA19F7254663}.Release|Any CPU.ActiveCfg = Release|Any CPU
		{51BFC85B-8B0F-438D-8EC8-CA19F7254663}.Release|Any CPU.Build.0 = Release|Any CPU
	EndGlobalSection
	GlobalSection(SolutionProperties) = preSolution
		HideSolutionNode = FALSE
	EndGlobalSection
	GlobalSection(ExtensibilityGlobals) = postSolution
		SolutionGuid = {143EA53F-187D-48AC-98B8-E22BF6BF302B}
	EndGlobalSection
EndGlobal
